{
  "name": "thinkreplyer",
  "version": "1.0.0-alpha.1",
  "lockfileVersion": 3,
  "requires": true,
  "packages": {
    "": {
      "name": "thinkreplyer",
      "version": "1.0.0-alpha.1",
      "license": "MIT",
      "dependencies": {
        "kuromoji": "^0.1.2",
        "negaposi-analyzer-ja": "^1.0.1"
      },
      "devDependencies": {
        "@types/kuromoji": "^0.1.1",
        "@types/node": "^18.15.11"
      }
    },
    "node_modules/@types/doublearray": {
      "version": "0.0.29",
      "resolved": "https://registry.npmjs.org/@types/doublearray/-/doublearray-0.0.29.tgz",
      "integrity": "sha512-3DRGIE+rhcCCiNMXzJfsRvgDx3qcVAQAzT2aecezLtHMHDPZMnhpVc2C8gcAqH3aU7DKFX5tJzlQz0po0HyDmg==",
      "dev": true
    },
    "node_modules/@types/kuromoji": {
      "version": "0.1.1",
      "resolved": "https://registry.npmjs.org/@types/kuromoji/-/kuromoji-0.1.1.tgz",
      "integrity": "sha512-/KvQj9P9gT9c+ycG4USpj6IoeFfWTijAc+p9AtMEuFNa9UzA5mMpo0iTmQ5vG8Md4nerdCnPx4MEJT36fDOUWA==",
      "dev": true,
      "dependencies": {
        "@types/doublearray": "*"
      }
    },
    "node_modules/@types/node": {
      "version": "18.15.11",
      "resolved": "https://registry.npmjs.org/@types/node/-/node-18.15.11.tgz",
      "integrity": "sha512-E5Kwq2n4SbMzQOn6wnmBjuK9ouqlURrcZDVfbo9ftDDTFt3nk7ZKK4GMOzoYgnpQJKcxwQw+lGaBvvlMo0qN/Q==",
      "dev": true
    },
    "node_modules/async": {
      "version": "2.6.4",
      "resolved": "https://registry.npmjs.org/async/-/async-2.6.4.tgz",
      "integrity": "sha512-mzo5dfJYwAn29PeiJ0zvwTo04zj8HDJj0Mn8TD7sno7q12prdbnasKJHhkm2c1LgrhlJ0teaea8860oxi51mGA==",
      "dependencies": {
        "lodash": "^4.17.14"
      }
    },
    "node_modules/buffer-from": {
      "version": "1.1.2",
      "resolved": "https://registry.npmjs.org/buffer-from/-/buffer-from-1.1.2.tgz",
      "integrity": "sha512-E+XQCRwSbaaiChtv6k6Dwgc+bx+Bs6vuKJHHl5kox/BaKbhiXzqQOwK4cO22yElGp2OCmjwVhT3HmxgyPGnJfQ=="
    },
    "node_modules/concat-stream": {
      "version": "1.6.2",
      "resolved": "https://registry.npmjs.org/concat-stream/-/concat-stream-1.6.2.tgz",
      "integrity": "sha512-27HBghJxjiZtIk3Ycvn/4kbJk/1uZuJFfuPEns6LaEvpvG1f0hTea8lilrouyo9mVc2GWdcEZ8OLoGmSADlrCw==",
      "engines": [
        "node >= 0.8"
      ],
      "dependencies": {
        "buffer-from": "^1.0.0",
        "inherits": "^2.0.3",
        "readable-stream": "^2.2.2",
        "typedarray": "^0.0.6"
      }
    },
    "node_modules/core-util-is": {
      "version": "1.0.3",
      "resolved": "https://registry.npmjs.org/core-util-is/-/core-util-is-1.0.3.tgz",
      "integrity": "sha512-ZQBvi1DcpJ4GDqanjucZ2Hj3wEO5pZDS89BWbkcrvdxksJorwUDDZamX9ldFkp9aw2lmBDLgkObEA4DWNJ9FYQ=="
    },
    "node_modules/csv-parse": {
      "version": "1.3.3",
      "resolved": "https://registry.npmjs.org/csv-parse/-/csv-parse-1.3.3.tgz",
      "integrity": "sha512-byxnDBxM1AVF3YfmsK7Smop9/usNz7gAZYSo9eYp61TGcNXraJby1rAiLyJSt1/8Iho2qaxZOtZCOvQMXogPtg=="
    },
    "node_modules/debug": {
      "version": "2.6.9",
      "resolved": "https://registry.npmjs.org/debug/-/debug-2.6.9.tgz",
      "integrity": "sha512-bC7ElrdJaJnPbAP+1EotYvqZsb3ecl5wi6Bfi6BJTUcNowp6cvspg0jXznRTKDjm/E7AdgFBVeAPVMNcKGsHMA==",
      "dependencies": {
        "ms": "2.0.0"
      }
    },
    "node_modules/doublearray": {
      "version": "0.0.2",
      "resolved": "https://registry.npmjs.org/doublearray/-/doublearray-0.0.2.tgz",
      "integrity": "sha512-aw55FtZzT6AmiamEj2kvmR6BuFqvYgKZUkfQ7teqVRNqD5UE0rw8IeW/3gieHNKQ5sPuDKlljWEn4bzv5+1bHw=="
    },
    "node_modules/encoding": {
      "version": "0.1.13",
      "resolved": "https://registry.npmjs.org/encoding/-/encoding-0.1.13.tgz",
      "integrity": "sha512-ETBauow1T35Y/WZMkio9jiM0Z5xjHHmJ4XmjZOq1l/dXz3lr2sRn87nJy20RupqSh1F2m3HHPSp8ShIPQJrJ3A==",
      "dependencies": {
        "iconv-lite": "^0.6.2"
      }
    },
    "node_modules/iconv-lite": {
      "version": "0.6.3",
      "resolved": "https://registry.npmjs.org/iconv-lite/-/iconv-lite-0.6.3.tgz",
      "integrity": "sha512-4fCk79wshMdzMp2rH06qWrJE4iolqLhCUH+OiuIgU++RB0+94NlDL81atO7GX55uUKueo0txHNtvEyI6D7WdMw==",
      "dependencies": {
        "safer-buffer": ">= 2.1.2 < 3.0.0"
      },
      "engines": {
        "node": ">=0.10.0"
      }
    },
    "node_modules/inherits": {
      "version": "2.0.4",
      "resolved": "https://registry.npmjs.org/inherits/-/inherits-2.0.4.tgz",
      "integrity": "sha512-k/vGaX4/Yla3WzyMCvTQOXYeIHvqOKtnqBduzTHpzpQZzAskKMhZ2K+EnBiSM9zGSoIFeMpXKxa4dYeZIQqewQ=="
    },
    "node_modules/is-stream": {
      "version": "1.1.0",
      "resolved": "https://registry.npmjs.org/is-stream/-/is-stream-1.1.0.tgz",
      "integrity": "sha512-uQPm8kcs47jx38atAcWTVxyltQYoPT68y9aWYdV6yWXSyW8mzSat0TL6CiWdZeCdF3KrAvpVtnHbTv4RN+rqdQ==",
      "engines": {
        "node": ">=0.10.0"
      }
    },
    "node_modules/isarray": {
      "version": "1.0.0",
      "resolved": "https://registry.npmjs.org/isarray/-/isarray-1.0.0.tgz",
      "integrity": "sha512-VLghIWNM6ELQzo7zwmcg0NmTVyWKYjvIeM83yjp0wRDTmUnrM678fQbcKBo6n2CJEF0szoG//ytg+TKla89ALQ=="
    },
    "node_modules/kuromoji": {
      "version": "0.1.2",
      "resolved": "https://registry.npmjs.org/kuromoji/-/kuromoji-0.1.2.tgz",
      "integrity": "sha512-V0dUf+C2LpcPEXhoHLMAop/bOht16Dyr+mDiIE39yX3vqau7p80De/koFqpiTcL1zzdZlc3xuHZ8u5gjYRfFaQ==",
      "dependencies": {
        "async": "^2.0.1",
        "doublearray": "0.0.2",
        "zlibjs": "^0.3.1"
      }
    },
    "node_modules/kuromojin": {
      "version": "1.5.1",
      "resolved": "https://registry.npmjs.org/kuromojin/-/kuromojin-1.5.1.tgz",
      "integrity": "sha512-tzt3UUqWqzwHMsahchyrcs9kgbn6OM7xP4QRCd0w5vqE0lA/cjCH0OxjLaekz5cnxGmcy8RfN7La3xOxZOvJ1w==",
      "dependencies": {
        "kuromoji": "0.1.1"
      }
    },
    "node_modules/kuromojin/node_modules/kuromoji": {
      "version": "0.1.1",
      "resolved": "https://registry.npmjs.org/kuromoji/-/kuromoji-0.1.1.tgz",
      "integrity": "sha512-B7ctEuhoYzRDbgsRn/3NQVee/Q4WRFVuCxkYtnQLl+t/5tw2f7JL0GQH/CQQ3gqlaEvBJgfnGNA6st09wmqkRA==",
      "dependencies": {
        "async": "^2.0.1",
        "doublearray": "0.0.2",
        "zlibjs": "^0.2.0"
      }
    },
    "node_modules/kuromojin/node_modules/zlibjs": {
      "version": "0.2.0",
      "resolved": "https://registry.npmjs.org/zlibjs/-/zlibjs-0.2.0.tgz",
      "integrity": "sha512-UA5w5YE92YlkBgr2qk4G3rNrOskQqHy0b/vhlU1U+MKeEHAASJ787MiXBUUsEuHO5t0pwKZ7VOAEJMJhLXcJsg==",
      "engines": {
        "node": "*"
      }
    },
    "node_modules/lodash": {
      "version": "4.17.21",
      "resolved": "https://registry.npmjs.org/lodash/-/lodash-4.17.21.tgz",
      "integrity": "sha512-v2kDEe57lecTulaDIuNTPy3Ry4gLGJ6Z1O3vE1krgXZNrsQ+LFTGHVxVjcXPs17LhbZVGedAJv8XZ1tvj5FvSg=="
    },
    "node_modules/moji": {
      "version": "0.5.1",
      "resolved": "https://registry.npmjs.org/moji/-/moji-0.5.1.tgz",
      "integrity": "sha512-xYylXOjBS9mE/d690InK3Y74NpE0El0TmAKDmKJveWk9jds/0Tl7MQP4yhavS0U64diEq+5ey2905nhCpIHE+Q==",
      "dependencies": {
        "object-assign": "^3.0.0"
      }
    },
    "node_modules/ms": {
      "version": "2.0.0",
      "resolved": "https://registry.npmjs.org/ms/-/ms-2.0.0.tgz",
      "integrity": "sha512-Tpp60P6IUJDTuOq/5Z8cdskzJujfwqfOTkrwIwj7IRISpnkJnT6SyJ4PCPnGMoFjC9ddhal5KVIYtAt97ix05A=="
    },
    "node_modules/negaposi-analyzer-ja": {
      "version": "1.0.1",
      "resolved": "https://registry.npmjs.org/negaposi-analyzer-ja/-/negaposi-analyzer-ja-1.0.1.tgz",
      "integrity": "sha512-Z9ClA8GGg0nIGbgDfiwYtGWKVKR6YGeRc8B6Ze89LrW7An9vJezvcnxeZh7u7+z4W7kfSWIEGq4R8QdEk4LUWQ==",
      "hasInstallScript": true,
      "dependencies": {
        "concat-stream": "^1.6.0",
        "csv-parse": "^1.1.7",
        "debug": "^2.6.0",
        "kuromojin": "^1.3.2",
        "moji": "^0.5.1",
        "node-fetch": "^1.6.3",
        "text-encoding": "^0.6.4"
      },
      "bin": {
        "download-negaposi-dict": "bin/download-negaposi-dict.js",
        "negaposi-analyzer": "bin/negaposi-analyzer.js"
      }
    },
    "node_modules/node-fetch": {
      "version": "1.7.3",
      "resolved": "https://registry.npmjs.org/node-fetch/-/node-fetch-1.7.3.tgz",
      "integrity": "sha512-NhZ4CsKx7cYm2vSrBAr2PvFOe6sWDf0UYLRqA6svUYg7+/TSfVAu49jYC4BvQ4Sms9SZgdqGBgroqfDhJdTyKQ==",
      "dependencies": {
        "encoding": "^0.1.11",
        "is-stream": "^1.0.1"
      }
    },
    "node_modules/object-assign": {
      "version": "3.0.0",
      "resolved": "https://registry.npmjs.org/object-assign/-/object-assign-3.0.0.tgz",
      "integrity": "sha512-jHP15vXVGeVh1HuaA2wY6lxk+whK/x4KBG88VXeRma7CCun7iGD5qPc4eYykQ9sdQvg8jkwFKsSxHln2ybW3xQ==",
      "engines": {
        "node": ">=0.10.0"
      }
    },
    "node_modules/process-nextick-args": {
      "version": "2.0.1",
      "resolved": "https://registry.npmjs.org/process-nextick-args/-/process-nextick-args-2.0.1.tgz",
      "integrity": "sha512-3ouUOpQhtgrbOa17J7+uxOTpITYWaGP7/AhoR3+A+/1e9skrzelGi/dXzEYyvbxubEF6Wn2ypscTKiKJFFn1ag=="
    },
    "node_modules/readable-stream": {
      "version": "2.3.8",
      "resolved": "https://registry.npmjs.org/readable-stream/-/readable-stream-2.3.8.tgz",
      "integrity": "sha512-8p0AUk4XODgIewSi0l8Epjs+EVnWiK7NoDIEGU0HhE7+ZyY8D1IMY7odu5lRrFXGg71L15KG8QrPmum45RTtdA==",
      "dependencies": {
        "core-util-is": "~1.0.0",
        "inherits": "~2.0.3",
        "isarray": "~1.0.0",
        "process-nextick-args": "~2.0.0",
        "safe-buffer": "~5.1.1",
        "string_decoder": "~1.1.1",
        "util-deprecate": "~1.0.1"
      }
    },
    "node_modules/safe-buffer": {
      "version": "5.1.2",
      "resolved": "https://registry.npmjs.org/safe-buffer/-/safe-buffer-5.1.2.tgz",
      "integrity": "sha512-Gd2UZBJDkXlY7GbJxfsE8/nvKkUEU1G38c1siN6QP6a9PT9MmHB8GnpscSmMJSoF8LOIrt8ud/wPtojys4G6+g=="
    },
    "node_modules/safer-buffer": {
      "version": "2.1.2",
      "resolved": "https://registry.npmjs.org/safer-buffer/-/safer-buffer-2.1.2.tgz",
      "integrity": "sha512-YZo3K82SD7Riyi0E1EQPojLz7kpepnSQI9IyPbHHg1XXXevb5dJI7tpyN2ADxGcQbHG7vcyRHk0cbwqcQriUtg=="
    },
    "node_modules/string_decoder": {
      "version": "1.1.1",
      "resolved": "https://registry.npmjs.org/string_decoder/-/string_decoder-1.1.1.tgz",
      "integrity": "sha512-n/ShnvDi6FHbbVfviro+WojiFzv+s8MPMHBczVePfUpDJLwoLT0ht1l4YwBCbi8pJAveEEdnkHyPyTP/mzRfwg==",
      "dependencies": {
        "safe-buffer": "~5.1.0"
      }
    },
    "node_modules/text-encoding": {
      "version": "0.6.4",
      "resolved": "https://registry.npmjs.org/text-encoding/-/text-encoding-0.6.4.tgz",
      "integrity": "sha512-hJnc6Qg3dWoOMkqP53F0dzRIgtmsAge09kxUIqGrEUS4qr5rWLckGYaQAVr+opBrIMRErGgy6f5aPnyPpyGRfg==",
      "deprecated": "no longer maintained"
    },
    "node_modules/typedarray": {
      "version": "0.0.6",
      "resolved": "https://registry.npmjs.org/typedarray/-/typedarray-0.0.6.tgz",
      "integrity": "sha512-/aCDEGatGvZ2BIk+HmLf4ifCJFwvKFNb9/JeZPMulfgFracn9QFcAf5GO8B/mweUjSoblS5In0cWhqpfs/5PQA=="
    },
    "node_modules/util-deprecate": {
      "version": "1.0.2",
      "resolved": "https://registry.npmjs.org/util-deprecate/-/util-deprecate-1.0.2.tgz",
      "integrity": "sha512-EPD5q1uXyFxJpCrLnCc1nHnq3gOa6DZBocAIiI2TaSCA7VCJ1UJDMagCzIkXNsUYfD1daK//LTEQ8xiIbrHtcw=="
    },
    "node_modules/zlibjs": {
      "version": "0.3.1",
      "resolved": "https://registry.npmjs.org/zlibjs/-/zlibjs-0.3.1.tgz",
      "integrity": "sha512-+J9RrgTKOmlxFSDHo0pI1xM6BLVUv+o0ZT9ANtCxGkjIVCCUdx9alUF8Gm+dGLKbkkkidWIHFDZHDMpfITt4+w==",
      "engines": {
        "node": "*"
      }
    }
  }
}
